
Microsoft Visual Studio Solution File, Format Version 12.00
# Visual Studio Version 16
VisualStudioVersion = 25.0.1706.11
MinimumVisualStudioVersion = 10.0.40219.1
Project("{FAE04EC0-301F-11D3-BF4B-00C04F79EFBC}") = "Entidades", "Entidades\Entidades.csproj", "{0BCD5864-5BAA-4EF8-9321-C5410BCBC228}"
EndProject
Project("{FAE04EC0-301F-11D3-BF4B-00C04F79EFBC}") = "Test", "Test\Test.csproj", "{55B0F603-C8C0-4F4A-9CD3-AA76A0C1D1B1}"
EndProject
Global
	GlobalSection(SolutionConfigurationPlatforms) = preSolution
		Debug|Any CPU = Debug|Any CPU
		Release|Any CPU = Release|Any CPU
	EndGlobalSection
	GlobalSection(ProjectConfigurationPlatforms) = postSolution
		{0BCD5864-5BAA-4EF8-9321-C5410BCBC228}.Debug|Any CPU.ActiveCfg = Debug|Any CPU
		{0BCD5864-5BAA-4EF8-9321-C5410BCBC228}.Debug|Any CPU.Build.0 = Debug|Any CPU
		{0BCD5864-5BAA-4EF8-9321-C5410BCBC228}.Release|Any CPU.ActiveCfg = Release|Any CPU
		{0BCD5864-5BAA-4EF8-9321-C5410BCBC228}.Release|Any CPU.Build.0 = Release|Any CPU
		{55B0F603-C8C0-4F4A-9CD3-AA76A0C1D1B1}.Debug|Any CPU.ActiveCfg = Debug|Any CPU
		{55B0F603-C8C0-4F4A-9CD3-AA76A0C1D1B1}.Debug|Any CPU.Build.0 = Debug|Any CPU
		{55B0F603-C8C0-4F4A-9CD3-AA76A0C1D1B1}.Release|Any CPU.ActiveCfg = Release|Any CPU
		{55B0F603-C8C0-4F4A-9CD3-AA76A0C1D1B1}.Release|Any CPU.Build.0 = Release|Any CPU
	EndGlobalSection
	GlobalSection(SolutionProperties) = preSolution
		HideSolutionNode = FALSE
	EndGlobalSection
	GlobalSection(ExtensibilityGlobals) = postSolution
		SolutionGuid = {194F5B09-8D0A-4463-B132-AA9934A75EB3}
	EndGlobalSection
EndGlobal
